
Microsoft Visual Studio Solution File, Format Version 12.00
# Visual Studio Version 16
VisualStudioVersion = 16.0.31624.102
MinimumVisualStudioVersion = 10.0.40219.1
Project("{888888A0-9F3D-457C-B088-3A5042F75D52}") = "PA4", "PA4\PA4.pyproj", "{D7E48971-BEEA-466E-BFB3-741388064A03}"
EndProject
Global
	GlobalSection(SolutionConfigurationPlatforms) = preSolution
		Debug|Any CPU = Debug|Any CPU
		Release|Any CPU = Release|Any CPU
	EndGlobalSection
	GlobalSection(ProjectConfigurationPlatforms) = postSolution
		{D7E48971-BEEA-466E-BFB3-741388064A03}.Debug|Any CPU.ActiveCfg = Debug|Any CPU
		{D7E48971-BEEA-466E-BFB3-741388064A03}.Release|Any CPU.ActiveCfg = Release|Any CPU
	EndGlobalSection
	GlobalSection(SolutionProperties) = preSolution
		HideSolutionNode = FALSE
	EndGlobalSection
	GlobalSection(ExtensibilityGlobals) = postSolution
		SolutionGuid = {DC5E412C-96CF-485C-9E3E-4B506A66F43A}
	EndGlobalSection
EndGlobal
